
Microsoft Visual Studio Solution File, Format Version 12.00
# Visual Studio Version 17
VisualStudioVersion = 17.1.32210.238
MinimumVisualStudioVersion = 10.0.40219.1
Project("{FAE04EC0-301F-11D3-BF4B-00C04F79EFBC}") = "media de idades", "media de idades\media de idades.csproj", "{0ACEA4A0-4BD8-4034-BB49-4D88BC43AB6E}"
EndProject
Global
	GlobalSection(SolutionConfigurationPlatforms) = preSolution
		Debug|Any CPU = Debug|Any CPU
		Release|Any CPU = Release|Any CPU
	EndGlobalSection
	GlobalSection(ProjectConfigurationPlatforms) = postSolution
		{0ACEA4A0-4BD8-4034-BB49-4D88BC43AB6E}.Debug|Any CPU.ActiveCfg = Debug|Any CPU
		{0ACEA4A0-4BD8-4034-BB49-4D88BC43AB6E}.Debug|Any CPU.Build.0 = Debug|Any CPU
		{0ACEA4A0-4BD8-4034-BB49-4D88BC43AB6E}.Release|Any CPU.ActiveCfg = Release|Any CPU
		{0ACEA4A0-4BD8-4034-BB49-4D88BC43AB6E}.Release|Any CPU.Build.0 = Release|Any CPU
	EndGlobalSection
	GlobalSection(SolutionProperties) = preSolution
		HideSolutionNode = FALSE
	EndGlobalSection
	GlobalSection(ExtensibilityGlobals) = postSolution
		SolutionGuid = {47D49833-019A-4341-B14D-4C369D42D390}
	EndGlobalSection
EndGlobal
