
Microsoft Visual Studio Solution File, Format Version 12.00
# Visual Studio Version 17
VisualStudioVersion = 17.1.32210.238
MinimumVisualStudioVersion = 10.0.40219.1
Project("{FAE04EC0-301F-11D3-BF4B-00C04F79EFBC}") = "multiplos", "multiplos\multiplos.csproj", "{CC2E57CF-21E7-4053-A892-A348B391C7CF}"
EndProject
Global
	GlobalSection(SolutionConfigurationPlatforms) = preSolution
		Debug|Any CPU = Debug|Any CPU
		Release|Any CPU = Release|Any CPU
	EndGlobalSection
	GlobalSection(ProjectConfigurationPlatforms) = postSolution
		{CC2E57CF-21E7-4053-A892-A348B391C7CF}.Debug|Any CPU.ActiveCfg = Debug|Any CPU
		{CC2E57CF-21E7-4053-A892-A348B391C7CF}.Debug|Any CPU.Build.0 = Debug|Any CPU
		{CC2E57CF-21E7-4053-A892-A348B391C7CF}.Release|Any CPU.ActiveCfg = Release|Any CPU
		{CC2E57CF-21E7-4053-A892-A348B391C7CF}.Release|Any CPU.Build.0 = Release|Any CPU
	EndGlobalSection
	GlobalSection(SolutionProperties) = preSolution
		HideSolutionNode = FALSE
	EndGlobalSection
	GlobalSection(ExtensibilityGlobals) = postSolution
		SolutionGuid = {2ADE60A7-6A4E-494E-837E-9AD48C17A596}
	EndGlobalSection
EndGlobal
