
Microsoft Visual Studio Solution File, Format Version 12.00
# Visual Studio Version 17
VisualStudioVersion = 17.1.32210.238
MinimumVisualStudioVersion = 10.0.40219.1
Project("{FAE04EC0-301F-11D3-BF4B-00C04F79EFBC}") = "Tabuada", "Tabuada\Tabuada.csproj", "{B2DB8016-FF51-4D37-864D-2216C226D564}"
EndProject
Global
	GlobalSection(SolutionConfigurationPlatforms) = preSolution
		Debug|Any CPU = Debug|Any CPU
		Release|Any CPU = Release|Any CPU
	EndGlobalSection
	GlobalSection(ProjectConfigurationPlatforms) = postSolution
		{B2DB8016-FF51-4D37-864D-2216C226D564}.Debug|Any CPU.ActiveCfg = Debug|Any CPU
		{B2DB8016-FF51-4D37-864D-2216C226D564}.Debug|Any CPU.Build.0 = Debug|Any CPU
		{B2DB8016-FF51-4D37-864D-2216C226D564}.Release|Any CPU.ActiveCfg = Release|Any CPU
		{B2DB8016-FF51-4D37-864D-2216C226D564}.Release|Any CPU.Build.0 = Release|Any CPU
	EndGlobalSection
	GlobalSection(SolutionProperties) = preSolution
		HideSolutionNode = FALSE
	EndGlobalSection
	GlobalSection(ExtensibilityGlobals) = postSolution
		SolutionGuid = {4B33D5A5-E741-4CBD-9A63-7AFDA40A29A8}
	EndGlobalSection
EndGlobal
